
Microsoft Visual Studio Solution File, Format Version 12.00
# Visual Studio 14
VisualStudioVersion = 14.0.25420.1
MinimumVisualStudioVersion = 10.0.40219.1
Project("{FAE04EC0-301F-11D3-BF4B-00C04F79EFBC}") = "Get Image Compression", "Get Image Compression\Get Image Compression.csproj", "{309FF244-6BCE-4AA2-A87C-1CB18BB6C215}"
EndProject
Project("{FAE04EC0-301F-11D3-BF4B-00C04F79EFBC}") = "LibImageCompression", "ImageCompression\LibImageCompression.csproj", "{B57F1445-EFB1-4BD8-9FDD-1DEA1C492FBF}"
EndProject
Global
	GlobalSection(SolutionConfigurationPlatforms) = preSolution
		Debug|Any CPU = Debug|Any CPU
		Release|Any CPU = Release|Any CPU
	EndGlobalSection
	GlobalSection(ProjectConfigurationPlatforms) = postSolution
		{309FF244-6BCE-4AA2-A87C-1CB18BB6C215}.Debug|Any CPU.ActiveCfg = Debug|Any CPU
		{309FF244-6BCE-4AA2-A87C-1CB18BB6C215}.Debug|Any CPU.Build.0 = Debug|Any CPU
		{309FF244-6BCE-4AA2-A87C-1CB18BB6C215}.Release|Any CPU.ActiveCfg = Release|Any CPU
		{309FF244-6BCE-4AA2-A87C-1CB18BB6C215}.Release|Any CPU.Build.0 = Release|Any CPU
		{B57F1445-EFB1-4BD8-9FDD-1DEA1C492FBF}.Debug|Any CPU.ActiveCfg = Debug|Any CPU
		{B57F1445-EFB1-4BD8-9FDD-1DEA1C492FBF}.Debug|Any CPU.Build.0 = Debug|Any CPU
		{B57F1445-EFB1-4BD8-9FDD-1DEA1C492FBF}.Release|Any CPU.ActiveCfg = Release|Any CPU
		{B57F1445-EFB1-4BD8-9FDD-1DEA1C492FBF}.Release|Any CPU.Build.0 = Release|Any CPU
	EndGlobalSection
	GlobalSection(SolutionProperties) = preSolution
		HideSolutionNode = FALSE
	EndGlobalSection
EndGlobal
